{
  "name": "aran-linvail",
  "version": "0.0.0",
  "lockfileVersion": 3,
  "requires": true,
  "packages": {
    "": {
      "name": "aran-linvail",
      "version": "0.0.0",
      "dependencies": {
        "@types/estree": "^1.0.6",
        "@types/node": "^22.13.4",
        "@types/source-map": "^0.5.2",
        "acorn": "^8.14.0",
        "aran": "^5.0.0",
        "astring": "^1.9.0",
        "linvail": "^7.2.2",
        "prettier": "^3.5.1",
        "typescript": "^5.7.3"
      }
    },
    "node_modules/@types/estree": {
      "version": "1.0.6",
      "resolved": "https://registry.npmjs.org/@types/estree/-/estree-1.0.6.tgz",
      "integrity": "sha512-AYnb1nQyY49te+VRAVgmzfcgjYS91mY5P0TKUDCLEM+gNnA+3T6rWITXRLYCpahpqSQbN5cE+gHpnPyXjHWxcw==",
      "license": "MIT"
    },
    "node_modules/@types/node": {
      "version": "22.13.4",
      "resolved": "https://registry.npmjs.org/@types/node/-/node-22.13.4.tgz",
      "integrity": "sha512-ywP2X0DYtX3y08eFVx5fNIw7/uIv8hYUKgXoK8oayJlLnKcRfEYCxWMVE1XagUdVtCJlZT1AU4LXEABW+L1Peg==",
      "license": "MIT",
      "dependencies": {
        "undici-types": "~6.20.0"
      }
    },
    "node_modules/@types/source-map": {
      "version": "0.5.2",
      "resolved": "https://registry.npmjs.org/@types/source-map/-/source-map-0.5.2.tgz",
      "integrity": "sha512-++w4WmMbk3dS3UeHGzAG+xJOSz5Xqtjys/TBkqG3qp3SeWE7Wwezqe5eB7B51cxUyh4PW7bwVotpsLdBK0D8cw==",
      "license": "MIT"
    },
    "node_modules/acorn": {
      "version": "8.14.0",
      "resolved": "https://registry.npmjs.org/acorn/-/acorn-8.14.0.tgz",
      "integrity": "sha512-cl669nCJTZBsL97OF4kUQm5g5hC2uihk0NxY3WENAC0TYdILVkAyHymAntgxGkl7K+t0cXIrH5siy5S4XkFycA==",
      "license": "MIT",
      "bin": {
        "acorn": "bin/acorn"
      },
      "engines": {
        "node": ">=0.4.0"
      }
    },
    "node_modules/aran": {
      "version": "5.0.0",
      "resolved": "https://registry.npmjs.org/aran/-/aran-5.0.0.tgz",
      "integrity": "sha512-NP+P+U9zZoWdlMcNB4s6iT0nKCS5iOBrxBCaMXp6aVH1kEZ5xcH1u5EZCVTXelIjKDSOOh+jPPG3KCB4NK9fpw==",
      "license": "MIT",
      "dependencies": {
        "estree-sentry": "^0.4.1"
      }
    },
    "node_modules/astring": {
      "version": "1.9.0",
      "resolved": "https://registry.npmjs.org/astring/-/astring-1.9.0.tgz",
      "integrity": "sha512-LElXdjswlqjWrPpJFg1Fx4wpkOCxj1TDHlSV4PlaRxHGWko024xICaa97ZkMfs6DRKlCguiAI+rbXv5GWwXIkg==",
      "license": "MIT",
      "bin": {
        "astring": "bin/astring"
      }
    },
    "node_modules/balanced-match": {
      "version": "1.0.2",
      "resolved": "https://registry.npmjs.org/balanced-match/-/balanced-match-1.0.2.tgz",
      "integrity": "sha512-3oSeUO0TMV67hN1AmbXsK4yaqU7tjiHlbxRDZOpH0KW9+CeX4bRAaX0Anxt0tx2MrpRpWwQaPwIlISEJhYU5Pw==",
      "license": "MIT"
    },
    "node_modules/estree-sentry": {
      "version": "0.4.1",
      "resolved": "https://registry.npmjs.org/estree-sentry/-/estree-sentry-0.4.1.tgz",
      "integrity": "sha512-tTlF1mwCLlKf0dWMc9Xi9Ady3d6I1cq/hCTsMPZF6EmfJjr9gpewJqOPLKJEhxHYPY6dzzMPO2w3qS8mbmNVLQ=="
    },
    "node_modules/linvail": {
      "version": "7.2.2",
      "resolved": "https://registry.npmjs.org/linvail/-/linvail-7.2.2.tgz",
      "integrity": "sha512-Y8hGE1hg5zO6WxxzyCRpx7F0Loag5L4OXIxQWhle99rHCDV6FJMR9LWFn4fBMI9O8sb70/dlZnTm/AeObZNmJg==",
      "license": "MIT",
      "dependencies": {
        "acorn": "^8.14.0",
        "aran": "^5.0.0",
        "astring": "^1.9.0",
        "minimatch": "^10.0.1",
        "virtual-proxy": "^0.3.1"
      },
      "bin": {
        "linvail": "bin/linvail.mjs"
      }
    },
    "node_modules/linvail/node_modules/brace-expansion": {
      "version": "2.0.1",
      "resolved": "https://registry.npmjs.org/brace-expansion/-/brace-expansion-2.0.1.tgz",
      "integrity": "sha512-XnAIvQ8eM+kC6aULx6wuQiwVsnzsi9d3WxzV3FpWTGA19F621kwdbsAcFKXgKUHZWsy+mY6iL1sHTxWEFCytDA==",
      "license": "MIT",
      "dependencies": {
        "balanced-match": "^1.0.0"
      }
    },
    "node_modules/linvail/node_modules/minimatch": {
      "version": "10.0.1",
      "resolved": "https://registry.npmjs.org/minimatch/-/minimatch-10.0.1.tgz",
      "integrity": "sha512-ethXTt3SGGR+95gudmqJ1eNhRO7eGEGIgYA9vnPatK4/etz2MEVDno5GMCibdMTuBMyElzIlgxMna3K94XDIDQ==",
      "license": "ISC",
      "dependencies": {
        "brace-expansion": "^2.0.1"
      },
      "engines": {
        "node": "20 || >=22"
      },
      "funding": {
        "url": "https://github.com/sponsors/isaacs"
      }
    },
    "node_modules/prettier": {
      "version": "3.5.1",
      "resolved": "https://registry.npmjs.org/prettier/-/prettier-3.5.1.tgz",
      "integrity": "sha512-hPpFQvHwL3Qv5AdRvBFMhnKo4tYxp0ReXiPn2bxkiohEX6mBeBwEpBSQTkD458RaaDKQMYSp4hX4UtfUTA5wDw==",
      "license": "MIT",
      "bin": {
        "prettier": "bin/prettier.cjs"
      },
      "engines": {
        "node": ">=14"
      },
      "funding": {
        "url": "https://github.com/prettier/prettier?sponsor=1"
      }
    },
    "node_modules/typescript": {
      "version": "5.7.3",
      "resolved": "https://registry.npmjs.org/typescript/-/typescript-5.7.3.tgz",
      "integrity": "sha512-84MVSjMEHP+FQRPy3pX9sTVV/INIex71s9TL2Gm5FG/WG1SqXeKyZ0k7/blY/4FdOzI12CBy1vGc4og/eus0fw==",
      "license": "Apache-2.0",
      "bin": {
        "tsc": "bin/tsc",
        "tsserver": "bin/tsserver"
      },
      "engines": {
        "node": ">=14.17"
      }
    },
    "node_modules/undici-types": {
      "version": "6.20.0",
      "resolved": "https://registry.npmjs.org/undici-types/-/undici-types-6.20.0.tgz",
      "integrity": "sha512-Ny6QZ2Nju20vw1SRHe3d9jVu6gJ+4e3+MMpqu7pqE5HT6WsTSlce++GQmK5UXS8mzV8DSYHrQH+Xrf2jVcuKNg==",
      "license": "MIT"
    },
    "node_modules/virtual-proxy": {
      "version": "0.3.1",
      "resolved": "https://registry.npmjs.org/virtual-proxy/-/virtual-proxy-0.3.1.tgz",
      "integrity": "sha512-4BpwkxEzF8WWiS7qGxioMPIgo8tdIRJG21udHXOXC09Jx8O0Jb2pc+cZgN0NdGyEtWbtmV+eX6oFAIRF3gq4gw==",
      "license": "MIT"
    }
  }
}
